
Microsoft Visual Studio Solution File, Format Version 12.00
# Visual Studio 15
VisualStudioVersion = 15.0.27004.2005
MinimumVisualStudioVersion = 10.0.40219.1
Project("{FAE04EC0-301F-11D3-BF4B-00C04F79EFBC}") = "UI", "UI\UI.csproj", "{A852BCF6-8C3C-4D0B-A7DD-A6482EBA4DD1}"
EndProject
Project("{FAE04EC0-301F-11D3-BF4B-00C04F79EFBC}") = "TableGenerator", "TableGenerator\TableGenerator.csproj", "{3E282656-7645-442D-94B1-FCE2214E2C08}"
EndProject
Project("{FAE04EC0-301F-11D3-BF4B-00C04F79EFBC}") = "EGCMD", "EGCMDTranslator\EGCMD.csproj", "{DC602B46-DC15-42B2-9136-19ED6876AB1F}"
EndProject
Project("{FAE04EC0-301F-11D3-BF4B-00C04F79EFBC}") = "DataAccess", "DataAccess\DataAccess.csproj", "{3BD69308-ACC7-43A0-AC20-F95673D02F89}"
EndProject
Global
	GlobalSection(SolutionConfigurationPlatforms) = preSolution
		Debug|Any CPU = Debug|Any CPU
		Release|Any CPU = Release|Any CPU
	EndGlobalSection
	GlobalSection(ProjectConfigurationPlatforms) = postSolution
		{A852BCF6-8C3C-4D0B-A7DD-A6482EBA4DD1}.Debug|Any CPU.ActiveCfg = Debug|Any CPU
		{A852BCF6-8C3C-4D0B-A7DD-A6482EBA4DD1}.Debug|Any CPU.Build.0 = Debug|Any CPU
		{A852BCF6-8C3C-4D0B-A7DD-A6482EBA4DD1}.Release|Any CPU.ActiveCfg = Release|Any CPU
		{A852BCF6-8C3C-4D0B-A7DD-A6482EBA4DD1}.Release|Any CPU.Build.0 = Release|Any CPU
		{3E282656-7645-442D-94B1-FCE2214E2C08}.Debug|Any CPU.ActiveCfg = Debug|Any CPU
		{3E282656-7645-442D-94B1-FCE2214E2C08}.Debug|Any CPU.Build.0 = Debug|Any CPU
		{3E282656-7645-442D-94B1-FCE2214E2C08}.Release|Any CPU.ActiveCfg = Release|Any CPU
		{3E282656-7645-442D-94B1-FCE2214E2C08}.Release|Any CPU.Build.0 = Release|Any CPU
		{DC602B46-DC15-42B2-9136-19ED6876AB1F}.Debug|Any CPU.ActiveCfg = Debug|Any CPU
		{DC602B46-DC15-42B2-9136-19ED6876AB1F}.Debug|Any CPU.Build.0 = Debug|Any CPU
		{DC602B46-DC15-42B2-9136-19ED6876AB1F}.Release|Any CPU.ActiveCfg = Release|Any CPU
		{DC602B46-DC15-42B2-9136-19ED6876AB1F}.Release|Any CPU.Build.0 = Release|Any CPU
		{3BD69308-ACC7-43A0-AC20-F95673D02F89}.Debug|Any CPU.ActiveCfg = Debug|Any CPU
		{3BD69308-ACC7-43A0-AC20-F95673D02F89}.Debug|Any CPU.Build.0 = Debug|Any CPU
		{3BD69308-ACC7-43A0-AC20-F95673D02F89}.Release|Any CPU.ActiveCfg = Release|Any CPU
		{3BD69308-ACC7-43A0-AC20-F95673D02F89}.Release|Any CPU.Build.0 = Release|Any CPU
	EndGlobalSection
	GlobalSection(SolutionProperties) = preSolution
		HideSolutionNode = FALSE
	EndGlobalSection
	GlobalSection(ExtensibilityGlobals) = postSolution
		SolutionGuid = {BB039E91-065F-4E17-8B16-FF7AE08A1E9A}
	EndGlobalSection
EndGlobal
